// !$*UTF8*$!
{
	archiveVersion = 1;
	classes = {
	};
	objectVersion = 50;
	objects = {

/* Begin PBXBuildFile section */
		BC310B8C2667693400530A14 /* AppDelegate.swift in Sources */ = {isa = PBXBuildFile; fileRef = BC310B8B2667693400530A14 /* AppDelegate.swift */; };
		BC310B8E2667693400530A14 /* SceneDelegate.swift in Sources */ = {isa = PBXBuildFile; fileRef = BC310B8D2667693400530A14 /* SceneDelegate.swift */; };
		BC310B932667693400530A14 /* Main.storyboard in Resources */ = {isa = PBXBuildFile; fileRef = BC310B912667693400530A14 /* Main.storyboard */; };
		BC310B952667693500530A14 /* Assets.xcassets in Resources */ = {isa = PBXBuildFile; fileRef = BC310B942667693500530A14 /* Assets.xcassets */; };
		BC310B982667693500530A14 /* LaunchScreen.storyboard in Resources */ = {isa = PBXBuildFile; fileRef = BC310B962667693500530A14 /* LaunchScreen.storyboard */; };
		BC310BA1266769A900530A14 /* libsqlite3.tbd in Frameworks */ = {isa = PBXBuildFile; fileRef = BC310BA0266769A900530A14 /* libsqlite3.tbd */; };
		BC310BA426676D4E00530A14 /* makeDataBase.swift in Sources */ = {isa = PBXBuildFile; fileRef = BC310BA326676D4E00530A14 /* makeDataBase.swift */; };
		BC3F73D626686E9A00D3B554 /* db_pracitce in Resources */ = {isa = PBXBuildFile; fileRef = BC3F73D526686E9900D3B554 /* db_pracitce */; };
/* End PBXBuildFile section */

/* Begin PBXFileReference section */
		BC310B882667693400530A14 /* sqlite_practice.app */ = {isa = PBXFileReference; explicitFileType = wrapper.application; includeInIndex = 0; path = sqlite_practice.app; sourceTree = BUILT_PRODUCTS_DIR; };
		BC310B8B2667693400530A14 /* AppDelegate.swift */ = {isa = PBXFileReference; lastKnownFileType = sourcecode.swift; path = AppDelegate.swift; sourceTree = "<group>"; };
		BC310B8D2667693400530A14 /* SceneDelegate.swift */ = {isa = PBXFileReference; lastKnownFileType = sourcecode.swift; path = SceneDelegate.swift; sourceTree = "<group>"; };
		BC310B922667693400530A14 /* Base */ = {isa = PBXFileReference; lastKnownFileType = file.storyboard; name = Base; path = Base.lproj/Main.storyboard; sourceTree = "<group>"; };
		BC310B942667693500530A14 /* Assets.xcassets */ = {isa = PBXFileReference; lastKnownFileType = folder.assetcatalog; path = Assets.xcassets; sourceTree = "<group>"; };
		BC310B972667693500530A14 /* Base */ = {isa = PBXFileReference; lastKnownFileType = file.storyboard; name = Base; path = Base.lproj/LaunchScreen.storyboard; sourceTree = "<group>"; };
		BC310B992667693500530A14 /* Info.plist */ = {isa = PBXFileReference; lastKnownFileType = text.plist.xml; path = Info.plist; sourceTree = "<group>"; };
		BC310BA0266769A900530A14 /* libsqlite3.tbd */ = {isa = PBXFileReference; lastKnownFileType = "sourcecode.text-based-dylib-definition"; name = libsqlite3.tbd; path = usr/lib/libsqlite3.tbd; sourceTree = SDKROOT; };
		BC310BA2266769F800530A14 /* sqlite_practice-Bridging-Header.h */ = {isa = PBXFileReference; lastKnownFileType = sourcecode.c.h; path = "sqlite_practice-Bridging-Header.h"; sourceTree = "<group>"; };
		BC310BA326676D4E00530A14 /* makeDataBase.swift */ = {isa = PBXFileReference; lastKnownFileType = sourcecode.swift; path = makeDataBase.swift; sourceTree = "<group>"; };
		BC3F73D526686E9900D3B554 /* db_pracitce */ = {isa = PBXFileReference; lastKnownFileType = file; path = db_pracitce; sourceTree = "<group>"; };
/* End PBXFileReference section */

/* Begin PBXFrameworksBuildPhase section */
		BC310B852667693400530A14 /* Frameworks */ = {
			isa = PBXFrameworksBuildPhase;
			buildActionMask = 2147483647;
			files = (
				BC310BA1266769A900530A14 /* libsqlite3.tbd in Frameworks */,
			);
			runOnlyForDeploymentPostprocessing = 0;
		};
/* End PBXFrameworksBuildPhase section */

/* Begin PBXGroup section */
		BC310B7F2667693400530A14 = {
			isa = PBXGroup;
			children = (
				BC310B8A2667693400530A14 /* sqlite_practice */,
				BC310B892667693400530A14 /* Products */,
				BC310B9F266769A900530A14 /* Frameworks */,
			);
			sourceTree = "<group>";
		};
		BC310B892667693400530A14 /* Products */ = {
			isa = PBXGroup;
			children = (
				BC310B882667693400530A14 /* sqlite_practice.app */,
			);
			name = Products;
			sourceTree = "<group>";
		};
		BC310B8A2667693400530A14 /* sqlite_practice */ = {
			isa = PBXGroup;
			children = (
				BC3F73D526686E9900D3B554 /* db_pracitce */,
				BC310B8B2667693400530A14 /* AppDelegate.swift */,
				BC310B8D2667693400530A14 /* SceneDelegate.swift */,
				BC310BA326676D4E00530A14 /* makeDataBase.swift */,
				BC310B912667693400530A14 /* Main.storyboard */,
				BC310B942667693500530A14 /* Assets.xcassets */,
				BC310B962667693500530A14 /* LaunchScreen.storyboard */,
				BC310BA2266769F800530A14 /* sqlite_practice-Bridging-Header.h */,
				BC310B992667693500530A14 /* Info.plist */,
			);
			path = sqlite_practice;
			sourceTree = "<group>";
		};
		BC310B9F266769A900530A14 /* Frameworks */ = {
			isa = PBXGroup;
			children = (
				BC310BA0266769A900530A14 /* libsqlite3.tbd */,
			);
			name = Frameworks;
			sourceTree = "<group>";
		};
/* End PBXGroup section */

/* Begin PBXNativeTarget section */
		BC310B872667693400530A14 /* sqlite_practice */ = {
			isa = PBXNativeTarget;
			buildConfigurationList = BC310B9C2667693500530A14 /* Build configuration list for PBXNativeTarget "sqlite_practice" */;
			buildPhases = (
				BC310B842667693400530A14 /* Sources */,
				BC310B852667693400530A14 /* Frameworks */,
				BC310B862667693400530A14 /* Resources */,
			);
			buildRules = (
			);
			dependencies = (
			);
			name = sqlite_practice;
			productName = sqlite_practice;
			productReference = BC310B882667693400530A14 /* sqlite_practice.app */;
			productType = "com.apple.product-type.application";
		};
/* End PBXNativeTarget section */

/* Begin PBXProject section */
		BC310B802667693400530A14 /* Project object */ = {
			isa = PBXProject;
			attributes = {
				LastSwiftUpdateCheck = 1250;
				LastUpgradeCheck = 1250;
				TargetAttributes = {
					BC310B872667693400530A14 = {
						CreatedOnToolsVersion = 12.5;
					};
				};
			};
			buildConfigurationList = BC310B832667693400530A14 /* Build configuration list for PBXProject "sqlite_practice" */;
			compatibilityVersion = "Xcode 9.3";
			developmentRegion = en;
			hasScannedForEncodings = 0;
			knownRegions = (
				en,
				Base,
			);
			mainGroup = BC310B7F2667693400530A14;
			productRefGroup = BC310B892667693400530A14 /* Products */;
			projectDirPath = "";
			projectRoot = "";
			targets = (
				BC310B872667693400530A14 /* sqlite_practice */,
			);
		};
/* End PBXProject section */

/* Begin PBXResourcesBuildPhase section */
		BC310B862667693400530A14 /* Resources */ = {
			isa = PBXResourcesBuildPhase;
			buildActionMask = 2147483647;
			files = (
				BC310B982667693500530A14 /* LaunchScreen.storyboard in Resources */,
				BC310B952667693500530A14 /* Assets.xcassets in Resources */,
				BC310B932667693400530A14 /* Main.storyboard in Resources */,
				BC3F73D626686E9A00D3B554 /* db_pracitce in Resources */,
			);
			runOnlyForDeploymentPostprocessing = 0;
		};
/* End PBXResourcesBuildPhase section */

/* Begin PBXSourcesBuildPhase section */
		BC310B842667693400530A14 /* Sources */ = {
			isa = PBXSourcesBuildPhase;
			buildActionMask = 2147483647;
			files = (
				BC310B8C2667693400530A14 /* AppDelegate.swift in Sources */,
				BC310BA426676D4E00530A14 /* makeDataBase.swift in Sources */,
				BC310B8E2667693400530A14 /* SceneDelegate.swift in Sources */,
			);
			runOnlyForDeploymentPostprocessing = 0;
		};
/* End PBXSourcesBuildPhase section */

/* Begin PBXVariantGroup section */
		BC310B912667693400530A14 /* Main.storyboard */ = {
			isa = PBXVariantGroup;
			children = (
				BC310B922667693400530A14 /* Base */,
			);
			name = Main.storyboard;
			sourceTree = "<group>";
		};
		BC310B962667693500530A14 /* LaunchScreen.storyboard */ = {
			isa = PBXVariantGroup;
			children = (
				BC310B972667693500530A14 /* Base */,
			);
			name = LaunchScreen.storyboard;
			sourceTree = "<group>";
		};
/* End PBXVariantGroup section */

/* Begin XCBuildConfiguration section */
		BC310B9A2667693500530A14 /* Debug */ = {
			isa = XCBuildConfiguration;
			buildSettings = {
				ALWAYS_SEARCH_USER_PATHS = NO;
				CLANG_ANALYZER_NONNULL = YES;
				CLANG_ANALYZER_NUMBER_OBJECT_CONVERSION = YES_AGGRESSIVE;
				CLANG_CXX_LANGUAGE_STANDARD = "gnu++14";
				CLANG_CXX_LIBRARY = "libc++";
				CLANG_ENABLE_MODULES = YES;
				CLANG_ENABLE_OBJC_ARC = YES;
				CLANG_ENABLE_OBJC_WEAK = YES;
				CLANG_WARN_BLOCK_CAPTURE_AUTORELEASING = YES;
				CLANG_WARN_BOOL_CONVERSION = YES;
				CLANG_WARN_COMMA = YES;
				CLANG_WARN_CONSTANT_CONVERSION = YES;
				CLANG_WARN_DEPRECATED_OBJC_IMPLEMENTATIONS = YES;
				CLANG_WARN_DIRECT_OBJC_ISA_USAGE = YES_ERROR;
				CLANG_WARN_DOCUMENTATION_COMMENTS = YES;
				CLANG_WARN_EMPTY_BODY = YES;
				CLANG_WARN_ENUM_CONVERSION = YES;
				CLANG_WARN_INFINITE_RECURSION = YES;
				CLANG_WARN_INT_CONVERSION = YES;
				CLANG_WARN_NON_LITERAL_NULL_CONVERSION = YES;
				CLANG_WARN_OBJC_IMPLICIT_RETAIN_SELF = YES;
				CLANG_WARN_OBJC_LITERAL_CONVERSION = YES;
				CLANG_WARN_OBJC_ROOT_CLASS = YES_ERROR;
				CLANG_WARN_QUOTED_INCLUDE_IN_FRAMEWORK_HEADER = YES;
				CLANG_WARN_RANGE_LOOP_ANALYSIS = YES;
				CLANG_WARN_STRICT_PROTOTYPES = YES;
				CLANG_WARN_SUSPICIOUS_MOVE = YES;
				CLANG_WARN_UNGUARDED_AVAILABILITY = YES_AGGRESSIVE;
				CLANG_WARN_UNREACHABLE_CODE = YES;
				CLANG_WARN__DUPLICATE_METHOD_MATCH = YES;
				COPY_PHASE_STRIP = NO;
				DEBUG_INFORMATION_FORMAT = dwarf;
				ENABLE_STRICT_OBJC_MSGSEND = YES;
				ENABLE_TESTABILITY = YES;
				GCC_C_LANGUAGE_STANDARD = gnu11;
				GCC_DYNAMIC_NO_PIC = NO;
				GCC_NO_COMMON_BLOCKS = YES;
				GCC_OPTIMIZATION_LEVEL = 0;
				GCC_PREPROCESSOR_DEFINITIONS = (
					"DEBUG=1",
					"$(inherited)",
				);
				GCC_WARN_64_TO_32_BIT_CONVERSION = YES;
				GCC_WARN_ABOUT_RETURN_TYPE = YES_ERROR;
				GCC_WARN_UNDECLARED_SELECTOR = YES;
				GCC_WARN_UNINITIALIZED_AUTOS = YES_AGGRESSIVE;
				GCC_WARN_UNUSED_FUNCTION = YES;
				GCC_WARN_UNUSED_VARIABLE = YES;
				IPHONEOS_DEPLOYMENT_TARGET = 14.5;
				MTL_ENABLE_DEBUG_INFO = INCLUDE_SOURCE;
				MTL_FAST_MATH = YES;
				ONLY_ACTIVE_ARCH = YES;
				SDKROOT = iphoneos;
				SWIFT_ACTIVE_COMPILATION_CONDITIONS = DEBUG;
				SWIFT_OPTIMIZATION_LEVEL = "-Onone";
			};
			name = Debug;
		};
		BC310B9B2667693500530A14 /* Release */ = {
			isa = XCBuildConfiguration;
			buildSettings = {
				ALWAYS_SEARCH_USER_PATHS = NO;
				CLANG_ANALYZER_NONNULL = YES;
				CLANG_ANALYZER_NUMBER_OBJECT_CONVERSION = YES_AGGRESSIVE;
				CLANG_CXX_LANGUAGE_STANDARD = "gnu++14";
				CLANG_CXX_LIBRARY = "libc++";
				CLANG_ENABLE_MODULES = YES;
				CLANG_ENABLE_OBJC_ARC = YES;
				CLANG_ENABLE_OBJC_WEAK = YES;
				CLANG_WARN_BLOCK_CAPTURE_AUTORELEASING = YES;
				CLANG_WARN_BOOL_CONVERSION = YES;
				CLANG_WARN_COMMA = YES;
				CLANG_WARN_CONSTANT_CONVERSION = YES;
				CLANG_WARN_DEPRECATED_OBJC_IMPLEMENTATIONS = YES;
				CLANG_WARN_DIRECT_OBJC_ISA_USAGE = YES_ERROR;
				CLANG_WARN_DOCUMENTATION_COMMENTS = YES;
				CLANG_WARN_EMPTY_BODY = YES;
				CLANG_WARN_ENUM_CONVERSION = YES;
				CLANG_WARN_INFINITE_RECURSION = YES;
				CLANG_WARN_INT_CONVERSION = YES;
				CLANG_WARN_NON_LITERAL_NULL_CONVERSION = YES;
				CLANG_WARN_OBJC_IMPLICIT_RETAIN_SELF = YES;
				CLANG_WARN_OBJC_LITERAL_CONVERSION = YES;
				CLANG_WARN_OBJC_ROOT_CLASS = YES_ERROR;
				CLANG_WARN_QUOTED_INCLUDE_IN_FRAMEWORK_HEADER = YES;
				CLANG_WARN_RANGE_LOOP_ANALYSIS = YES;
				CLANG_WARN_STRICT_PROTOTYPES = YES;
				CLANG_WARN_SUSPICIOUS_MOVE = YES;
				CLANG_WARN_UNGUARDED_AVAILABILITY = YES_AGGRESSIVE;
				CLANG_WARN_UNREACHABLE_CODE = YES;
				CLANG_WARN__DUPLICATE_METHOD_MATCH = YES;
				COPY_PHASE_STRIP = NO;
				DEBUG_INFORMATION_FORMAT = "dwarf-with-dsym";
				ENABLE_NS_ASSERTIONS = NO;
				ENABLE_STRICT_OBJC_MSGSEND = YES;
				GCC_C_LANGUAGE_STANDARD = gnu11;
				GCC_NO_COMMON_BLOCKS = YES;
				GCC_WARN_64_TO_32_BIT_CONVERSION = YES;
				GCC_WARN_ABOUT_RETURN_TYPE = YES_ERROR;
				GCC_WARN_UNDECLARED_SELECTOR = YES;
				GCC_WARN_UNINITIALIZED_AUTOS = YES_AGGRESSIVE;
				GCC_WARN_UNUSED_FUNCTION = YES;
				GCC_WARN_UNUSED_VARIABLE = YES;
				IPHONEOS_DEPLOYMENT_TARGET = 14.5;
				MTL_ENABLE_DEBUG_INFO = NO;
				MTL_FAST_MATH = YES;
				SDKROOT = iphoneos;
				SWIFT_COMPILATION_MODE = wholemodule;
				SWIFT_OPTIMIZATION_LEVEL = "-O";
				VALIDATE_PRODUCT = YES;
			};
			name = Release;
		};
		BC310B9D2667693500530A14 /* Debug */ = {
			isa = XCBuildConfiguration;
			buildSettings = {
				ASSETCATALOG_COMPILER_APPICON_NAME = AppIcon;
				ASSETCATALOG_COMPILER_GLOBAL_ACCENT_COLOR_NAME = AccentColor;
				CODE_SIGN_STYLE = Automatic;
				INFOPLIST_FILE = sqlite_practice/Info.plist;
				LD_RUNPATH_SEARCH_PATHS = (
					"$(inherited)",
					"@executable_path/Frameworks",
				);
				PRODUCT_BUNDLE_IDENTIFIER = "byeong.sqlite-practice";
				PRODUCT_NAME = "$(TARGET_NAME)";
				SWIFT_OBJC_BRIDGING_HEADER = "sqlite_practice/sqlite_practice-Bridging-Header.h";
				SWIFT_VERSION = 5.0;
				TARGETED_DEVICE_FAMILY = "1,2";
			};
			name = Debug;
		};
		BC310B9E2667693500530A14 /* Release */ = {
			isa = XCBuildConfiguration;
			buildSettings = {
				ASSETCATALOG_COMPILER_APPICON_NAME = AppIcon;
				ASSETCATALOG_COMPILER_GLOBAL_ACCENT_COLOR_NAME = AccentColor;
				CODE_SIGN_STYLE = Automatic;
				INFOPLIST_FILE = sqlite_practice/Info.plist;
				LD_RUNPATH_SEARCH_PATHS = (
					"$(inherited)",
					"@executable_path/Frameworks",
				);
				PRODUCT_BUNDLE_IDENTIFIER = "byeong.sqlite-practice";
				PRODUCT_NAME = "$(TARGET_NAME)";
				SWIFT_OBJC_BRIDGING_HEADER = "sqlite_practice/sqlite_practice-Bridging-Header.h";
				SWIFT_VERSION = 5.0;
				TARGETED_DEVICE_FAMILY = "1,2";
			};
			name = Release;
		};
/* End XCBuildConfiguration section */

/* Begin XCConfigurationList section */
		BC310B832667693400530A14 /* Build configuration list for PBXProject "sqlite_practice" */ = {
			isa = XCConfigurationList;
			buildConfigurations = (
				BC310B9A2667693500530A14 /* Debug */,
				BC310B9B2667693500530A14 /* Release */,
			);
			defaultConfigurationIsVisible = 0;
			defaultConfigurationName = Release;
		};
		BC310B9C2667693500530A14 /* Build configuration list for PBXNativeTarget "sqlite_practice" */ = {
			isa = XCConfigurationList;
			buildConfigurations = (
				BC310B9D2667693500530A14 /* Debug */,
				BC310B9E2667693500530A14 /* Release */,
			);
			defaultConfigurationIsVisible = 0;
			defaultConfigurationName = Release;
		};
/* End XCConfigurationList section */
	};
	rootObject = BC310B802667693400530A14 /* Project object */;
}
